// !$*UTF8*$!
{
	archiveVersion = 1;
	classes = {
	};
	objectVersion = 51;
	objects = {

/* Begin PBXBuildFile section */
		7D694249B1C01F7F2C2C94F4 /* Pods_SimpleFlickrImageLoader.framework in Frameworks */ = {isa = PBXBuildFile; fileRef = 752966A14EAF160F536B46DE /* Pods_SimpleFlickrImageLoader.framework */; };
		F508D4FC24054F6E007B330F /* AppDelegate.swift in Sources */ = {isa = PBXBuildFile; fileRef = F508D4FB24054F6E007B330F /* AppDelegate.swift */; };
		F508D4FE24054F6E007B330F /* SceneDelegate.swift in Sources */ = {isa = PBXBuildFile; fileRef = F508D4FD24054F6E007B330F /* SceneDelegate.swift */; };
		F508D50024054F6E007B330F /* ViewController.swift in Sources */ = {isa = PBXBuildFile; fileRef = F508D4FF24054F6E007B330F /* ViewController.swift */; };
		F508D50324054F6E007B330F /* Main.storyboard in Resources */ = {isa = PBXBuildFile; fileRef = F508D50124054F6E007B330F /* Main.storyboard */; };
		F508D50524054F6F007B330F /* Assets.xcassets in Resources */ = {isa = PBXBuildFile; fileRef = F508D50424054F6F007B330F /* Assets.xcassets */; };
		F508D50824054F6F007B330F /* LaunchScreen.storyboard in Resources */ = {isa = PBXBuildFile; fileRef = F508D50624054F6F007B330F /* LaunchScreen.storyboard */; };
		F557EBBA2405532E00ADEFF4 /* RealmManager.swift in Sources */ = {isa = PBXBuildFile; fileRef = F557EBB92405532E00ADEFF4 /* RealmManager.swift */; };
		F5778B3E240552390037214D /* ImagesViewController.swift in Sources */ = {isa = PBXBuildFile; fileRef = F5778B3D240552390037214D /* ImagesViewController.swift */; };
		F5778B402405526A0037214D /* ImageLoader.swift in Sources */ = {isa = PBXBuildFile; fileRef = F5778B3F2405526A0037214D /* ImageLoader.swift */; };
		F5778B42240552870037214D /* ImageTableViewCell.swift in Sources */ = {isa = PBXBuildFile; fileRef = F5778B41240552870037214D /* ImageTableViewCell.swift */; };
/* End PBXBuildFile section */

/* Begin PBXFileReference section */
		3ACA24E352FD4B35091986C3 /* Pods-SimpleFlickrImageLoader.release.xcconfig */ = {isa = PBXFileReference; includeInIndex = 1; lastKnownFileType = text.xcconfig; name = "Pods-SimpleFlickrImageLoader.release.xcconfig"; path = "Target Support Files/Pods-SimpleFlickrImageLoader/Pods-SimpleFlickrImageLoader.release.xcconfig"; sourceTree = "<group>"; };
		752966A14EAF160F536B46DE /* Pods_SimpleFlickrImageLoader.framework */ = {isa = PBXFileReference; explicitFileType = wrapper.framework; includeInIndex = 0; path = Pods_SimpleFlickrImageLoader.framework; sourceTree = BUILT_PRODUCTS_DIR; };
		B5620B7F76275EE8AB9737E0 /* Pods-SimpleFlickrImageLoader.debug.xcconfig */ = {isa = PBXFileReference; includeInIndex = 1; lastKnownFileType = text.xcconfig; name = "Pods-SimpleFlickrImageLoader.debug.xcconfig"; path = "Target Support Files/Pods-SimpleFlickrImageLoader/Pods-SimpleFlickrImageLoader.debug.xcconfig"; sourceTree = "<group>"; };
		F508D4F824054F6E007B330F /* SimpleFlickrImageLoader.app */ = {isa = PBXFileReference; explicitFileType = wrapper.application; includeInIndex = 0; path = SimpleFlickrImageLoader.app; sourceTree = BUILT_PRODUCTS_DIR; };
		F508D4FB24054F6E007B330F /* AppDelegate.swift */ = {isa = PBXFileReference; lastKnownFileType = sourcecode.swift; path = AppDelegate.swift; sourceTree = "<group>"; };
		F508D4FD24054F6E007B330F /* SceneDelegate.swift */ = {isa = PBXFileReference; lastKnownFileType = sourcecode.swift; path = SceneDelegate.swift; sourceTree = "<group>"; };
		F508D4FF24054F6E007B330F /* ViewController.swift */ = {isa = PBXFileReference; lastKnownFileType = sourcecode.swift; path = ViewController.swift; sourceTree = "<group>"; };
		F508D50224054F6E007B330F /* Base */ = {isa = PBXFileReference; lastKnownFileType = file.storyboard; name = Base; path = Base.lproj/Main.storyboard; sourceTree = "<group>"; };
		F508D50424054F6F007B330F /* Assets.xcassets */ = {isa = PBXFileReference; lastKnownFileType = folder.assetcatalog; path = Assets.xcassets; sourceTree = "<group>"; };
		F508D50724054F6F007B330F /* Base */ = {isa = PBXFileReference; lastKnownFileType = file.storyboard; name = Base; path = Base.lproj/LaunchScreen.storyboard; sourceTree = "<group>"; };
		F508D50924054F6F007B330F /* Info.plist */ = {isa = PBXFileReference; lastKnownFileType = text.plist.xml; path = Info.plist; sourceTree = "<group>"; };
		F557EBB92405532E00ADEFF4 /* RealmManager.swift */ = {isa = PBXFileReference; lastKnownFileType = sourcecode.swift; path = RealmManager.swift; sourceTree = "<group>"; };
		F5778B3D240552390037214D /* ImagesViewController.swift */ = {isa = PBXFileReference; lastKnownFileType = sourcecode.swift; path = ImagesViewController.swift; sourceTree = "<group>"; };
		F5778B3F2405526A0037214D /* ImageLoader.swift */ = {isa = PBXFileReference; lastKnownFileType = sourcecode.swift; path = ImageLoader.swift; sourceTree = "<group>"; };
		F5778B41240552870037214D /* ImageTableViewCell.swift */ = {isa = PBXFileReference; lastKnownFileType = sourcecode.swift; path = ImageTableViewCell.swift; sourceTree = "<group>"; };
/* End PBXFileReference section */

/* Begin PBXFrameworksBuildPhase section */
		F508D4F524054F6E007B330F /* Frameworks */ = {
			isa = PBXFrameworksBuildPhase;
			buildActionMask = 2147483647;
			files = (
				7D694249B1C01F7F2C2C94F4 /* Pods_SimpleFlickrImageLoader.framework in Frameworks */,
			);
			runOnlyForDeploymentPostprocessing = 0;
		};
/* End PBXFrameworksBuildPhase section */

/* Begin PBXGroup section */
		278812A76D77D1E88185377E /* Frameworks */ = {
			isa = PBXGroup;
			children = (
				752966A14EAF160F536B46DE /* Pods_SimpleFlickrImageLoader.framework */,
			);
			name = Frameworks;
			sourceTree = "<group>";
		};
		99F68E48AE564B173D44CE2D /* Pods */ = {
			isa = PBXGroup;
			children = (
				B5620B7F76275EE8AB9737E0 /* Pods-SimpleFlickrImageLoader.debug.xcconfig */,
				3ACA24E352FD4B35091986C3 /* Pods-SimpleFlickrImageLoader.release.xcconfig */,
			);
			path = Pods;
			sourceTree = "<group>";
		};
		F508D4EF24054F6E007B330F = {
			isa = PBXGroup;
			children = (
				F508D4FA24054F6E007B330F /* SimpleFlickrImageLoader */,
				F508D4F924054F6E007B330F /* Products */,
				99F68E48AE564B173D44CE2D /* Pods */,
				278812A76D77D1E88185377E /* Frameworks */,
			);
			sourceTree = "<group>";
		};
		F508D4F924054F6E007B330F /* Products */ = {
			isa = PBXGroup;
			children = (
				F508D4F824054F6E007B330F /* SimpleFlickrImageLoader.app */,
			);
			name = Products;
			sourceTree = "<group>";
		};
		F508D4FA24054F6E007B330F /* SimpleFlickrImageLoader */ = {
			isa = PBXGroup;
			children = (
				F508D4FB24054F6E007B330F /* AppDelegate.swift */,
				F508D4FD24054F6E007B330F /* SceneDelegate.swift */,
				F508D4FF24054F6E007B330F /* ViewController.swift */,
				F508D50124054F6E007B330F /* Main.storyboard */,
				F508D50424054F6F007B330F /* Assets.xcassets */,
				F508D50624054F6F007B330F /* LaunchScreen.storyboard */,
				F508D50924054F6F007B330F /* Info.plist */,
				F5778B3D240552390037214D /* ImagesViewController.swift */,
				F5778B3F2405526A0037214D /* ImageLoader.swift */,
				F5778B41240552870037214D /* ImageTableViewCell.swift */,
				F557EBB92405532E00ADEFF4 /* RealmManager.swift */,
			);
			path = SimpleFlickrImageLoader;
			sourceTree = "<group>";
		};
/* End PBXGroup section */

/* Begin PBXNativeTarget section */
		F508D4F724054F6E007B330F /* SimpleFlickrImageLoader */ = {
			isa = PBXNativeTarget;
			buildConfigurationList = F508D50C24054F6F007B330F /* Build configuration list for PBXNativeTarget "SimpleFlickrImageLoader" */;
			buildPhases = (
				F5455604FAC584CA1965857D /* [CP] Check Pods Manifest.lock */,
				F508D4F424054F6E007B330F /* Sources */,
				F508D4F524054F6E007B330F /* Frameworks */,
				F508D4F624054F6E007B330F /* Resources */,
				95C49D16FA20152ADAFF96EE /* [CP] Embed Pods Frameworks */,
			);
			buildRules = (
			);
			dependencies = (
			);
			name = SimpleFlickrImageLoader;
			productName = SimpleFlickrImageLoader;
			productReference = F508D4F824054F6E007B330F /* SimpleFlickrImageLoader.app */;
			productType = "com.apple.product-type.application";
		};
/* End PBXNativeTarget section */

/* Begin PBXProject section */
		F508D4F024054F6E007B330F /* Project object */ = {
			isa = PBXProject;
			attributes = {
				LastSwiftUpdateCheck = 1130;
				LastUpgradeCheck = 1130;
				ORGANIZATIONNAME = "Ivan Chernetskiy";
				TargetAttributes = {
					F508D4F724054F6E007B330F = {
						CreatedOnToolsVersion = 11.3;
					};
				};
			};
			buildConfigurationList = F508D4F324054F6E007B330F /* Build configuration list for PBXProject "SimpleFlickrImageLoader" */;
			compatibilityVersion = "Xcode 9.3";
			developmentRegion = en;
			hasScannedForEncodings = 0;
			knownRegions = (
				en,
				Base,
			);
			mainGroup = F508D4EF24054F6E007B330F;
			productRefGroup = F508D4F924054F6E007B330F /* Products */;
			projectDirPath = "";
			projectRoot = "";
			targets = (
				F508D4F724054F6E007B330F /* SimpleFlickrImageLoader */,
			);
		};
/* End PBXProject section */

/* Begin PBXResourcesBuildPhase section */
		F508D4F624054F6E007B330F /* Resources */ = {
			isa = PBXResourcesBuildPhase;
			buildActionMask = 2147483647;
			files = (
				F508D50824054F6F007B330F /* LaunchScreen.storyboard in Resources */,
				F508D50524054F6F007B330F /* Assets.xcassets in Resources */,
				F508D50324054F6E007B330F /* Main.storyboard in Resources */,
			);
			runOnlyForDeploymentPostprocessing = 0;
		};
/* End PBXResourcesBuildPhase section */

/* Begin PBXShellScriptBuildPhase section */
		95C49D16FA20152ADAFF96EE /* [CP] Embed Pods Frameworks */ = {
			isa = PBXShellScriptBuildPhase;
			buildActionMask = 2147483647;
			files = (
			);
			inputFileListPaths = (
				"${PODS_ROOT}/Target Support Files/Pods-SimpleFlickrImageLoader/Pods-SimpleFlickrImageLoader-frameworks-${CONFIGURATION}-input-files.xcfilelist",
			);
			name = "[CP] Embed Pods Frameworks";
			outputFileListPaths = (
				"${PODS_ROOT}/Target Support Files/Pods-SimpleFlickrImageLoader/Pods-SimpleFlickrImageLoader-frameworks-${CONFIGURATION}-output-files.xcfilelist",
			);
			runOnlyForDeploymentPostprocessing = 0;
			shellPath = /bin/sh;
			shellScript = "\"${PODS_ROOT}/Target Support Files/Pods-SimpleFlickrImageLoader/Pods-SimpleFlickrImageLoader-frameworks.sh\"\n";
			showEnvVarsInLog = 0;
		};
		F5455604FAC584CA1965857D /* [CP] Check Pods Manifest.lock */ = {
			isa = PBXShellScriptBuildPhase;
			buildActionMask = 2147483647;
			files = (
			);
			inputFileListPaths = (
			);
			inputPaths = (
				"${PODS_PODFILE_DIR_PATH}/Podfile.lock",
				"${PODS_ROOT}/Manifest.lock",
			);
			name = "[CP] Check Pods Manifest.lock";
			outputFileListPaths = (
			);
			outputPaths = (
				"$(DERIVED_FILE_DIR)/Pods-SimpleFlickrImageLoader-checkManifestLockResult.txt",
			);
			runOnlyForDeploymentPostprocessing = 0;
			shellPath = /bin/sh;
			shellScript = "diff \"${PODS_PODFILE_DIR_PATH}/Podfile.lock\" \"${PODS_ROOT}/Manifest.lock\" > /dev/null\nif [ $? != 0 ] ; then\n    # print error to STDERR\n    echo \"error: The sandbox is not in sync with the Podfile.lock. Run 'pod install' or update your CocoaPods installation.\" >&2\n    exit 1\nfi\n# This output is used by Xcode 'outputs' to avoid re-running this script phase.\necho \"SUCCESS\" > \"${SCRIPT_OUTPUT_FILE_0}\"\n";
			showEnvVarsInLog = 0;
		};
/* End PBXShellScriptBuildPhase section */

/* Begin PBXSourcesBuildPhase section */
		F508D4F424054F6E007B330F /* Sources */ = {
			isa = PBXSourcesBuildPhase;
			buildActionMask = 2147483647;
			files = (
				F508D50024054F6E007B330F /* ViewController.swift in Sources */,
				F508D4FC24054F6E007B330F /* AppDelegate.swift in Sources */,
				F5778B402405526A0037214D /* ImageLoader.swift in Sources */,
				F5778B42240552870037214D /* ImageTableViewCell.swift in Sources */,
				F5778B3E240552390037214D /* ImagesViewController.swift in Sources */,
				F557EBBA2405532E00ADEFF4 /* RealmManager.swift in Sources */,
				F508D4FE24054F6E007B330F /* SceneDelegate.swift in Sources */,
			);
			runOnlyForDeploymentPostprocessing = 0;
		};
/* End PBXSourcesBuildPhase section */

/* Begin PBXVariantGroup section */
		F508D50124054F6E007B330F /* Main.storyboard */ = {
			isa = PBXVariantGroup;
			children = (
				F508D50224054F6E007B330F /* Base */,
			);
			name = Main.storyboard;
			sourceTree = "<group>";
		};
		F508D50624054F6F007B330F /* LaunchScreen.storyboard */ = {
			isa = PBXVariantGroup;
			children = (
				F508D50724054F6F007B330F /* Base */,
			);
			name = LaunchScreen.storyboard;
			sourceTree = "<group>";
		};
/* End PBXVariantGroup section */

/* Begin XCBuildConfiguration section */
		F508D50A24054F6F007B330F /* Debug */ = {
			isa = XCBuildConfiguration;
			buildSettings = {
				ALWAYS_SEARCH_USER_PATHS = NO;
				CLANG_ANALYZER_NONNULL = YES;
				CLANG_ANALYZER_NUMBER_OBJECT_CONVERSION = YES_AGGRESSIVE;
				CLANG_CXX_LANGUAGE_STANDARD = "gnu++14";
				CLANG_CXX_LIBRARY = "libc++";
				CLANG_ENABLE_MODULES = YES;
				CLANG_ENABLE_OBJC_ARC = YES;
				CLANG_ENABLE_OBJC_WEAK = YES;
				CLANG_WARN_BLOCK_CAPTURE_AUTORELEASING = YES;
				CLANG_WARN_BOOL_CONVERSION = YES;
				CLANG_WARN_COMMA = YES;
				CLANG_WARN_CONSTANT_CONVERSION = YES;
				CLANG_WARN_DEPRECATED_OBJC_IMPLEMENTATIONS = YES;
				CLANG_WARN_DIRECT_OBJC_ISA_USAGE = YES_ERROR;
				CLANG_WARN_DOCUMENTATION_COMMENTS = YES;
				CLANG_WARN_EMPTY_BODY = YES;
				CLANG_WARN_ENUM_CONVERSION = YES;
				CLANG_WARN_INFINITE_RECURSION = YES;
				CLANG_WARN_INT_CONVERSION = YES;
				CLANG_WARN_NON_LITERAL_NULL_CONVERSION = YES;
				CLANG_WARN_OBJC_IMPLICIT_RETAIN_SELF = YES;
				CLANG_WARN_OBJC_LITERAL_CONVERSION = YES;
				CLANG_WARN_OBJC_ROOT_CLASS = YES_ERROR;
				CLANG_WARN_RANGE_LOOP_ANALYSIS = YES;
				CLANG_WARN_STRICT_PROTOTYPES = YES;
				CLANG_WARN_SUSPICIOUS_MOVE = YES;
				CLANG_WARN_UNGUARDED_AVAILABILITY = YES_AGGRESSIVE;
				CLANG_WARN_UNREACHABLE_CODE = YES;
				CLANG_WARN__DUPLICATE_METHOD_MATCH = YES;
				COPY_PHASE_STRIP = NO;
				DEBUG_INFORMATION_FORMAT = dwarf;
				ENABLE_STRICT_OBJC_MSGSEND = YES;
				ENABLE_TESTABILITY = YES;
				GCC_C_LANGUAGE_STANDARD = gnu11;
				GCC_DYNAMIC_NO_PIC = NO;
				GCC_NO_COMMON_BLOCKS = YES;
				GCC_OPTIMIZATION_LEVEL = 0;
				GCC_PREPROCESSOR_DEFINITIONS = (
					"DEBUG=1",
					"$(inherited)",
				);
				GCC_WARN_64_TO_32_BIT_CONVERSION = YES;
				GCC_WARN_ABOUT_RETURN_TYPE = YES_ERROR;
				GCC_WARN_UNDECLARED_SELECTOR = YES;
				GCC_WARN_UNINITIALIZED_AUTOS = YES_AGGRESSIVE;
				GCC_WARN_UNUSED_FUNCTION = YES;
				GCC_WARN_UNUSED_VARIABLE = YES;
				IPHONEOS_DEPLOYMENT_TARGET = 13.2;
				MTL_ENABLE_DEBUG_INFO = INCLUDE_SOURCE;
				MTL_FAST_MATH = YES;
				ONLY_ACTIVE_ARCH = YES;
				SDKROOT = iphoneos;
				SWIFT_ACTIVE_COMPILATION_CONDITIONS = DEBUG;
				SWIFT_OPTIMIZATION_LEVEL = "-Onone";
			};
			name = Debug;
		};
		F508D50B24054F6F007B330F /* Release */ = {
			isa = XCBuildConfiguration;
			buildSettings = {
				ALWAYS_SEARCH_USER_PATHS = NO;
				CLANG_ANALYZER_NONNULL = YES;
				CLANG_ANALYZER_NUMBER_OBJECT_CONVERSION = YES_AGGRESSIVE;
				CLANG_CXX_LANGUAGE_STANDARD = "gnu++14";
				CLANG_CXX_LIBRARY = "libc++";
				CLANG_ENABLE_MODULES = YES;
				CLANG_ENABLE_OBJC_ARC = YES;
				CLANG_ENABLE_OBJC_WEAK = YES;
				CLANG_WARN_BLOCK_CAPTURE_AUTORELEASING = YES;
				CLANG_WARN_BOOL_CONVERSION = YES;
				CLANG_WARN_COMMA = YES;
				CLANG_WARN_CONSTANT_CONVERSION = YES;
				CLANG_WARN_DEPRECATED_OBJC_IMPLEMENTATIONS = YES;
				CLANG_WARN_DIRECT_OBJC_ISA_USAGE = YES_ERROR;
				CLANG_WARN_DOCUMENTATION_COMMENTS = YES;
				CLANG_WARN_EMPTY_BODY = YES;
				CLANG_WARN_ENUM_CONVERSION = YES;
				CLANG_WARN_INFINITE_RECURSION = YES;
				CLANG_WARN_INT_CONVERSION = YES;
				CLANG_WARN_NON_LITERAL_NULL_CONVERSION = YES;
				CLANG_WARN_OBJC_IMPLICIT_RETAIN_SELF = YES;
				CLANG_WARN_OBJC_LITERAL_CONVERSION = YES;
				CLANG_WARN_OBJC_ROOT_CLASS = YES_ERROR;
				CLANG_WARN_RANGE_LOOP_ANALYSIS = YES;
				CLANG_WARN_STRICT_PROTOTYPES = YES;
				CLANG_WARN_SUSPICIOUS_MOVE = YES;
				CLANG_WARN_UNGUARDED_AVAILABILITY = YES_AGGRESSIVE;
				CLANG_WARN_UNREACHABLE_CODE = YES;
				CLANG_WARN__DUPLICATE_METHOD_MATCH = YES;
				COPY_PHASE_STRIP = NO;
				DEBUG_INFORMATION_FORMAT = "dwarf-with-dsym";
				ENABLE_NS_ASSERTIONS = NO;
				ENABLE_STRICT_OBJC_MSGSEND = YES;
				GCC_C_LANGUAGE_STANDARD = gnu11;
				GCC_NO_COMMON_BLOCKS = YES;
				GCC_WARN_64_TO_32_BIT_CONVERSION = YES;
				GCC_WARN_ABOUT_RETURN_TYPE = YES_ERROR;
				GCC_WARN_UNDECLARED_SELECTOR = YES;
				GCC_WARN_UNINITIALIZED_AUTOS = YES_AGGRESSIVE;
				GCC_WARN_UNUSED_FUNCTION = YES;
				GCC_WARN_UNUSED_VARIABLE = YES;
				IPHONEOS_DEPLOYMENT_TARGET = 13.2;
				MTL_ENABLE_DEBUG_INFO = NO;
				MTL_FAST_MATH = YES;
				SDKROOT = iphoneos;
				SWIFT_COMPILATION_MODE = wholemodule;
				SWIFT_OPTIMIZATION_LEVEL = "-O";
				VALIDATE_PRODUCT = YES;
			};
			name = Release;
		};
		F508D50D24054F6F007B330F /* Debug */ = {
			isa = XCBuildConfiguration;
			baseConfigurationReference = B5620B7F76275EE8AB9737E0 /* Pods-SimpleFlickrImageLoader.debug.xcconfig */;
			buildSettings = {
				ASSETCATALOG_COMPILER_APPICON_NAME = AppIcon;
				CODE_SIGN_STYLE = Automatic;
				DEVELOPMENT_TEAM = Z6SVM5W336;
				INFOPLIST_FILE = SimpleFlickrImageLoader/Info.plist;
				LD_RUNPATH_SEARCH_PATHS = (
					"$(inherited)",
					"@executable_path/Frameworks",
				);
				PRODUCT_BUNDLE_IDENTIFIER = g.SimpleFlickrImageLoader;
				PRODUCT_NAME = "$(TARGET_NAME)";
				SWIFT_VERSION = 5.0;
				TARGETED_DEVICE_FAMILY = "1,2";
			};
			name = Debug;
		};
		F508D50E24054F6F007B330F /* Release */ = {
			isa = XCBuildConfiguration;
			baseConfigurationReference = 3ACA24E352FD4B35091986C3 /* Pods-SimpleFlickrImageLoader.release.xcconfig */;
			buildSettings = {
				ASSETCATALOG_COMPILER_APPICON_NAME = AppIcon;
				CODE_SIGN_STYLE = Automatic;
				DEVELOPMENT_TEAM = Z6SVM5W336;
				INFOPLIST_FILE = SimpleFlickrImageLoader/Info.plist;
				LD_RUNPATH_SEARCH_PATHS = (
					"$(inherited)",
					"@executable_path/Frameworks",
				);
				PRODUCT_BUNDLE_IDENTIFIER = g.SimpleFlickrImageLoader;
				PRODUCT_NAME = "$(TARGET_NAME)";
				SWIFT_VERSION = 5.0;
				TARGETED_DEVICE_FAMILY = "1,2";
			};
			name = Release;
		};
/* End XCBuildConfiguration section */

/* Begin XCConfigurationList section */
		F508D4F324054F6E007B330F /* Build configuration list for PBXProject "SimpleFlickrImageLoader" */ = {
			isa = XCConfigurationList;
			buildConfigurations = (
				F508D50A24054F6F007B330F /* Debug */,
				F508D50B24054F6F007B330F /* Release */,
			);
			defaultConfigurationIsVisible = 0;
			defaultConfigurationName = Release;
		};
		F508D50C24054F6F007B330F /* Build configuration list for PBXNativeTarget "SimpleFlickrImageLoader" */ = {
			isa = XCConfigurationList;
			buildConfigurations = (
				F508D50D24054F6F007B330F /* Debug */,
				F508D50E24054F6F007B330F /* Release */,
			);
			defaultConfigurationIsVisible = 0;
			defaultConfigurationName = Release;
		};
/* End XCConfigurationList section */
	};
	rootObject = F508D4F024054F6E007B330F /* Project object */;
}
